
Microsoft Visual Studio Solution File, Format Version 12.00
# Visual Studio Version 17
VisualStudioVersion = 17.6.33723.286
MinimumVisualStudioVersion = 10.0.40219.1
Project("{FAE04EC0-301F-11D3-BF4B-00C04F79EFBC}") = "AeroMils - Controlo de Frota", "AeroMils - Controlo de Frota\AeroMils - Controlo de Frota.csproj", "{3E9742D4-137A-4814-BA80-58FAA37EE085}"
EndProject
Global
	GlobalSection(SolutionConfigurationPlatforms) = preSolution
		Debug|Any CPU = Debug|Any CPU
		Release|Any CPU = Release|Any CPU
	EndGlobalSection
	GlobalSection(ProjectConfigurationPlatforms) = postSolution
		{3E9742D4-137A-4814-BA80-58FAA37EE085}.Debug|Any CPU.ActiveCfg = Debug|Any CPU
		{3E9742D4-137A-4814-BA80-58FAA37EE085}.Debug|Any CPU.Build.0 = Debug|Any CPU
		{3E9742D4-137A-4814-BA80-58FAA37EE085}.Release|Any CPU.ActiveCfg = Release|Any CPU
		{3E9742D4-137A-4814-BA80-58FAA37EE085}.Release|Any CPU.Build.0 = Release|Any CPU
	EndGlobalSection
	GlobalSection(SolutionProperties) = preSolution
		HideSolutionNode = FALSE
	EndGlobalSection
	GlobalSection(ExtensibilityGlobals) = postSolution
		SolutionGuid = {B8E60733-9BB6-448C-AFB4-5EB62484CCA6}
	EndGlobalSection
EndGlobal
